// !$*UTF8*$!
{
	archiveVersion = 1;
	classes = {
	};
	objectVersion = 56;
	objects = {

/* Begin PBXBuildFile section */
		F46F5E072ADE6E6700458D5C /* UaerSingleton.swift in Sources */ = {isa = PBXBuildFile; fileRef = F46F5E062ADE6E6700458D5C /* UaerSingleton.swift */; };
		F46F5E092ADEB53300458D5C /* FeedCell.swift in Sources */ = {isa = PBXBuildFile; fileRef = F46F5E082ADEB53300458D5C /* FeedCell.swift */; };
		F46F5E0B2ADEB97400458D5C /* SnapModel.swift in Sources */ = {isa = PBXBuildFile; fileRef = F46F5E0A2ADEB97400458D5C /* SnapModel.swift */; };
		F46F5E0E2ADEC09F00458D5C /* SDWebImage in Frameworks */ = {isa = PBXBuildFile; productRef = F46F5E0D2ADEC09F00458D5C /* SDWebImage */; };
		F46F5E132ADECE8900458D5C /* ImageSlideshow in Frameworks */ = {isa = PBXBuildFile; productRef = F46F5E122ADECE8900458D5C /* ImageSlideshow */; };
		F46F5E172ADECE8900458D5C /* ImageSlideshow/Kingfisher in Frameworks */ = {isa = PBXBuildFile; productRef = F46F5E162ADECE8900458D5C /* ImageSlideshow/Kingfisher */; };
		F4F6B5F42ADD418700C84831 /* AppDelegate.swift in Sources */ = {isa = PBXBuildFile; fileRef = F4F6B5F32ADD418700C84831 /* AppDelegate.swift */; };
		F4F6B5F62ADD418700C84831 /* SceneDelegate.swift in Sources */ = {isa = PBXBuildFile; fileRef = F4F6B5F52ADD418700C84831 /* SceneDelegate.swift */; };
		F4F6B5F82ADD418700C84831 /* SignInVC.swift in Sources */ = {isa = PBXBuildFile; fileRef = F4F6B5F72ADD418700C84831 /* SignInVC.swift */; };
		F4F6B5FB2ADD418700C84831 /* Main.storyboard in Resources */ = {isa = PBXBuildFile; fileRef = F4F6B5F92ADD418700C84831 /* Main.storyboard */; };
		F4F6B5FD2ADD418800C84831 /* Assets.xcassets in Resources */ = {isa = PBXBuildFile; fileRef = F4F6B5FC2ADD418800C84831 /* Assets.xcassets */; };
		F4F6B6002ADD418800C84831 /* LaunchScreen.storyboard in Resources */ = {isa = PBXBuildFile; fileRef = F4F6B5FE2ADD418800C84831 /* LaunchScreen.storyboard */; };
		F4F6B6082ADD42A600C84831 /* GoogleService-Info.plist in Resources */ = {isa = PBXBuildFile; fileRef = F4F6B6072ADD42A600C84831 /* GoogleService-Info.plist */; };
		F4F6B6422ADD43F300C84831 /* FirebaseAuth in Frameworks */ = {isa = PBXBuildFile; productRef = F4F6B6412ADD43F300C84831 /* FirebaseAuth */; };
		F4F6B6442ADD441000C84831 /* FirebaseAnalytics in Frameworks */ = {isa = PBXBuildFile; productRef = F4F6B6432ADD441000C84831 /* FirebaseAnalytics */; };
		F4F6B6462ADD441000C84831 /* FirebaseFirestore in Frameworks */ = {isa = PBXBuildFile; productRef = F4F6B6452ADD441000C84831 /* FirebaseFirestore */; };
		F4F6B6482ADD441000C84831 /* FirebaseStorage in Frameworks */ = {isa = PBXBuildFile; productRef = F4F6B6472ADD441000C84831 /* FirebaseStorage */; };
		F4F6B64A2ADD623F00C84831 /* FeedVC.swift in Sources */ = {isa = PBXBuildFile; fileRef = F4F6B6492ADD623F00C84831 /* FeedVC.swift */; };
		F4F6B64C2ADD625800C84831 /* UploadVC.swift in Sources */ = {isa = PBXBuildFile; fileRef = F4F6B64B2ADD625800C84831 /* UploadVC.swift */; };
		F4F6B64E2ADD628100C84831 /* SettingsVC.swift in Sources */ = {isa = PBXBuildFile; fileRef = F4F6B64D2ADD628100C84831 /* SettingsVC.swift */; };
		F4F6B6552ADD668E00C84831 /* SnapVC.swift in Sources */ = {isa = PBXBuildFile; fileRef = F4F6B6542ADD668E00C84831 /* SnapVC.swift */; };
/* End PBXBuildFile section */

/* Begin PBXFileReference section */
		F46F5E062ADE6E6700458D5C /* UaerSingleton.swift */ = {isa = PBXFileReference; lastKnownFileType = sourcecode.swift; path = UaerSingleton.swift; sourceTree = "<group>"; };
		F46F5E082ADEB53300458D5C /* FeedCell.swift */ = {isa = PBXFileReference; lastKnownFileType = sourcecode.swift; path = FeedCell.swift; sourceTree = "<group>"; };
		F46F5E0A2ADEB97400458D5C /* SnapModel.swift */ = {isa = PBXFileReference; lastKnownFileType = sourcecode.swift; path = SnapModel.swift; sourceTree = "<group>"; };
		F4F6B5F02ADD418700C84831 /* SnapchatClone.app */ = {isa = PBXFileReference; explicitFileType = wrapper.application; includeInIndex = 0; path = SnapchatClone.app; sourceTree = BUILT_PRODUCTS_DIR; };
		F4F6B5F32ADD418700C84831 /* AppDelegate.swift */ = {isa = PBXFileReference; lastKnownFileType = sourcecode.swift; path = AppDelegate.swift; sourceTree = "<group>"; };
		F4F6B5F52ADD418700C84831 /* SceneDelegate.swift */ = {isa = PBXFileReference; lastKnownFileType = sourcecode.swift; path = SceneDelegate.swift; sourceTree = "<group>"; };
		F4F6B5F72ADD418700C84831 /* SignInVC.swift */ = {isa = PBXFileReference; lastKnownFileType = sourcecode.swift; path = SignInVC.swift; sourceTree = "<group>"; };
		F4F6B5FA2ADD418700C84831 /* Base */ = {isa = PBXFileReference; lastKnownFileType = file.storyboard; name = Base; path = Base.lproj/Main.storyboard; sourceTree = "<group>"; };
		F4F6B5FC2ADD418800C84831 /* Assets.xcassets */ = {isa = PBXFileReference; lastKnownFileType = folder.assetcatalog; path = Assets.xcassets; sourceTree = "<group>"; };
		F4F6B5FF2ADD418800C84831 /* Base */ = {isa = PBXFileReference; lastKnownFileType = file.storyboard; name = Base; path = Base.lproj/LaunchScreen.storyboard; sourceTree = "<group>"; };
		F4F6B6012ADD418800C84831 /* Info.plist */ = {isa = PBXFileReference; lastKnownFileType = text.plist.xml; path = Info.plist; sourceTree = "<group>"; };
		F4F6B6072ADD42A600C84831 /* GoogleService-Info.plist */ = {isa = PBXFileReference; fileEncoding = 4; lastKnownFileType = text.plist.xml; path = "GoogleService-Info.plist"; sourceTree = "<group>"; };
		F4F6B6492ADD623F00C84831 /* FeedVC.swift */ = {isa = PBXFileReference; lastKnownFileType = sourcecode.swift; path = FeedVC.swift; sourceTree = "<group>"; };
		F4F6B64B2ADD625800C84831 /* UploadVC.swift */ = {isa = PBXFileReference; lastKnownFileType = sourcecode.swift; path = UploadVC.swift; sourceTree = "<group>"; };
		F4F6B64D2ADD628100C84831 /* SettingsVC.swift */ = {isa = PBXFileReference; lastKnownFileType = sourcecode.swift; path = SettingsVC.swift; sourceTree = "<group>"; };
		F4F6B6542ADD668E00C84831 /* SnapVC.swift */ = {isa = PBXFileReference; lastKnownFileType = sourcecode.swift; path = SnapVC.swift; sourceTree = "<group>"; };
/* End PBXFileReference section */

/* Begin PBXFrameworksBuildPhase section */
		F4F6B5ED2ADD418700C84831 /* Frameworks */ = {
			isa = PBXFrameworksBuildPhase;
			buildActionMask = 2147483647;
			files = (
				F4F6B6442ADD441000C84831 /* FirebaseAnalytics in Frameworks */,
				F4F6B6482ADD441000C84831 /* FirebaseStorage in Frameworks */,
				F4F6B6422ADD43F300C84831 /* FirebaseAuth in Frameworks */,
				F4F6B6462ADD441000C84831 /* FirebaseFirestore in Frameworks */,
				F46F5E172ADECE8900458D5C /* ImageSlideshow/Kingfisher in Frameworks */,
				F46F5E0E2ADEC09F00458D5C /* SDWebImage in Frameworks */,
				F46F5E132ADECE8900458D5C /* ImageSlideshow in Frameworks */,
			);
			runOnlyForDeploymentPostprocessing = 0;
		};
/* End PBXFrameworksBuildPhase section */

/* Begin PBXGroup section */
		F46F5E052ADE6E2B00458D5C /* Models */ = {
			isa = PBXGroup;
			children = (
				F46F5E062ADE6E6700458D5C /* UaerSingleton.swift */,
				F46F5E0A2ADEB97400458D5C /* SnapModel.swift */,
			);
			path = Models;
			sourceTree = "<group>";
		};
		F4F6B5E72ADD418700C84831 = {
			isa = PBXGroup;
			children = (
				F4F6B5F22ADD418700C84831 /* SnapchatClone */,
				F4F6B5F12ADD418700C84831 /* Products */,
				F4F6B6402ADD43F300C84831 /* Frameworks */,
			);
			sourceTree = "<group>";
		};
		F4F6B5F12ADD418700C84831 /* Products */ = {
			isa = PBXGroup;
			children = (
				F4F6B5F02ADD418700C84831 /* SnapchatClone.app */,
			);
			name = Products;
			sourceTree = "<group>";
		};
		F4F6B5F22ADD418700C84831 /* SnapchatClone */ = {
			isa = PBXGroup;
			children = (
				F46F5E052ADE6E2B00458D5C /* Models */,
				F4F6B6502ADD62E900C84831 /* Delegates */,
				F4F6B64F2ADD62B000C84831 /* ViewControllers */,
				F46F5E082ADEB53300458D5C /* FeedCell.swift */,
				F4F6B5F92ADD418700C84831 /* Main.storyboard */,
				F4F6B5FC2ADD418800C84831 /* Assets.xcassets */,
				F4F6B5FE2ADD418800C84831 /* LaunchScreen.storyboard */,
				F4F6B6012ADD418800C84831 /* Info.plist */,
				F4F6B6072ADD42A600C84831 /* GoogleService-Info.plist */,
			);
			path = SnapchatClone;
			sourceTree = "<group>";
		};
		F4F6B6402ADD43F300C84831 /* Frameworks */ = {
			isa = PBXGroup;
			children = (
			);
			name = Frameworks;
			sourceTree = "<group>";
		};
		F4F6B64F2ADD62B000C84831 /* ViewControllers */ = {
			isa = PBXGroup;
			children = (
				F4F6B5F72ADD418700C84831 /* SignInVC.swift */,
				F4F6B6492ADD623F00C84831 /* FeedVC.swift */,
				F4F6B64B2ADD625800C84831 /* UploadVC.swift */,
				F4F6B64D2ADD628100C84831 /* SettingsVC.swift */,
				F4F6B6542ADD668E00C84831 /* SnapVC.swift */,
			);
			path = ViewControllers;
			sourceTree = "<group>";
		};
		F4F6B6502ADD62E900C84831 /* Delegates */ = {
			isa = PBXGroup;
			children = (
				F4F6B5F32ADD418700C84831 /* AppDelegate.swift */,
				F4F6B5F52ADD418700C84831 /* SceneDelegate.swift */,
			);
			path = Delegates;
			sourceTree = "<group>";
		};
/* End PBXGroup section */

/* Begin PBXNativeTarget section */
		F4F6B5EF2ADD418700C84831 /* SnapchatClone */ = {
			isa = PBXNativeTarget;
			buildConfigurationList = F4F6B6042ADD418800C84831 /* Build configuration list for PBXNativeTarget "SnapchatClone" */;
			buildPhases = (
				F4F6B5EC2ADD418700C84831 /* Sources */,
				F4F6B5ED2ADD418700C84831 /* Frameworks */,
				F4F6B5EE2ADD418700C84831 /* Resources */,
			);
			buildRules = (
			);
			dependencies = (
			);
			name = SnapchatClone;
			packageProductDependencies = (
				F4F6B6412ADD43F300C84831 /* FirebaseAuth */,
				F4F6B6432ADD441000C84831 /* FirebaseAnalytics */,
				F4F6B6452ADD441000C84831 /* FirebaseFirestore */,
				F4F6B6472ADD441000C84831 /* FirebaseStorage */,
				F46F5E0D2ADEC09F00458D5C /* SDWebImage */,
				F46F5E122ADECE8900458D5C /* ImageSlideshow */,
				F46F5E162ADECE8900458D5C /* ImageSlideshow/Kingfisher */,
			);
			productName = SnapchatClone;
			productReference = F4F6B5F02ADD418700C84831 /* SnapchatClone.app */;
			productType = "com.apple.product-type.application";
		};
/* End PBXNativeTarget section */

/* Begin PBXProject section */
		F4F6B5E82ADD418700C84831 /* Project object */ = {
			isa = PBXProject;
			attributes = {
				BuildIndependentTargetsInParallel = 1;
				LastSwiftUpdateCheck = 1500;
				LastUpgradeCheck = 1500;
				TargetAttributes = {
					F4F6B5EF2ADD418700C84831 = {
						CreatedOnToolsVersion = 15.0;
					};
				};
			};
			buildConfigurationList = F4F6B5EB2ADD418700C84831 /* Build configuration list for PBXProject "SnapchatClone" */;
			compatibilityVersion = "Xcode 14.0";
			developmentRegion = en;
			hasScannedForEncodings = 0;
			knownRegions = (
				en,
				Base,
			);
			mainGroup = F4F6B5E72ADD418700C84831;
			packageReferences = (
				F4F6B6092ADD439D00C84831 /* XCRemoteSwiftPackageReference "firebase-ios-sdk" */,
				F46F5E0C2ADEC09F00458D5C /* XCRemoteSwiftPackageReference "SDWebImage" */,
				F46F5E112ADECE8900458D5C /* XCRemoteSwiftPackageReference "ImageSlideshow" */,
			);
			productRefGroup = F4F6B5F12ADD418700C84831 /* Products */;
			projectDirPath = "";
			projectRoot = "";
			targets = (
				F4F6B5EF2ADD418700C84831 /* SnapchatClone */,
			);
		};
/* End PBXProject section */

/* Begin PBXResourcesBuildPhase section */
		F4F6B5EE2ADD418700C84831 /* Resources */ = {
			isa = PBXResourcesBuildPhase;
			buildActionMask = 2147483647;
			files = (
				F4F6B6002ADD418800C84831 /* LaunchScreen.storyboard in Resources */,
				F4F6B6082ADD42A600C84831 /* GoogleService-Info.plist in Resources */,
				F4F6B5FD2ADD418800C84831 /* Assets.xcassets in Resources */,
				F4F6B5FB2ADD418700C84831 /* Main.storyboard in Resources */,
			);
			runOnlyForDeploymentPostprocessing = 0;
		};
/* End PBXResourcesBuildPhase section */

/* Begin PBXSourcesBuildPhase section */
		F4F6B5EC2ADD418700C84831 /* Sources */ = {
			isa = PBXSourcesBuildPhase;
			buildActionMask = 2147483647;
			files = (
				F4F6B64A2ADD623F00C84831 /* FeedVC.swift in Sources */,
				F4F6B5F82ADD418700C84831 /* SignInVC.swift in Sources */,
				F4F6B5F42ADD418700C84831 /* AppDelegate.swift in Sources */,
				F4F6B64C2ADD625800C84831 /* UploadVC.swift in Sources */,
				F4F6B6552ADD668E00C84831 /* SnapVC.swift in Sources */,
				F4F6B5F62ADD418700C84831 /* SceneDelegate.swift in Sources */,
				F46F5E072ADE6E6700458D5C /* UaerSingleton.swift in Sources */,
				F46F5E0B2ADEB97400458D5C /* SnapModel.swift in Sources */,
				F4F6B64E2ADD628100C84831 /* SettingsVC.swift in Sources */,
				F46F5E092ADEB53300458D5C /* FeedCell.swift in Sources */,
			);
			runOnlyForDeploymentPostprocessing = 0;
		};
/* End PBXSourcesBuildPhase section */

/* Begin PBXVariantGroup section */
		F4F6B5F92ADD418700C84831 /* Main.storyboard */ = {
			isa = PBXVariantGroup;
			children = (
				F4F6B5FA2ADD418700C84831 /* Base */,
			);
			name = Main.storyboard;
			sourceTree = "<group>";
		};
		F4F6B5FE2ADD418800C84831 /* LaunchScreen.storyboard */ = {
			isa = PBXVariantGroup;
			children = (
				F4F6B5FF2ADD418800C84831 /* Base */,
			);
			name = LaunchScreen.storyboard;
			sourceTree = "<group>";
		};
/* End PBXVariantGroup section */

/* Begin XCBuildConfiguration section */
		F4F6B6022ADD418800C84831 /* Debug */ = {
			isa = XCBuildConfiguration;
			buildSettings = {
				ALWAYS_SEARCH_USER_PATHS = NO;
				ASSETCATALOG_COMPILER_GENERATE_SWIFT_ASSET_SYMBOL_EXTENSIONS = YES;
				CLANG_ANALYZER_NONNULL = YES;
				CLANG_ANALYZER_NUMBER_OBJECT_CONVERSION = YES_AGGRESSIVE;
				CLANG_CXX_LANGUAGE_STANDARD = "gnu++20";
				CLANG_ENABLE_MODULES = YES;
				CLANG_ENABLE_OBJC_ARC = YES;
				CLANG_ENABLE_OBJC_WEAK = YES;
				CLANG_WARN_BLOCK_CAPTURE_AUTORELEASING = YES;
				CLANG_WARN_BOOL_CONVERSION = YES;
				CLANG_WARN_COMMA = YES;
				CLANG_WARN_CONSTANT_CONVERSION = YES;
				CLANG_WARN_DEPRECATED_OBJC_IMPLEMENTATIONS = YES;
				CLANG_WARN_DIRECT_OBJC_ISA_USAGE = YES_ERROR;
				CLANG_WARN_DOCUMENTATION_COMMENTS = YES;
				CLANG_WARN_EMPTY_BODY = YES;
				CLANG_WARN_ENUM_CONVERSION = YES;
				CLANG_WARN_INFINITE_RECURSION = YES;
				CLANG_WARN_INT_CONVERSION = YES;
				CLANG_WARN_NON_LITERAL_NULL_CONVERSION = YES;
				CLANG_WARN_OBJC_IMPLICIT_RETAIN_SELF = YES;
				CLANG_WARN_OBJC_LITERAL_CONVERSION = YES;
				CLANG_WARN_OBJC_ROOT_CLASS = YES_ERROR;
				CLANG_WARN_QUOTED_INCLUDE_IN_FRAMEWORK_HEADER = YES;
				CLANG_WARN_RANGE_LOOP_ANALYSIS = YES;
				CLANG_WARN_STRICT_PROTOTYPES = YES;
				CLANG_WARN_SUSPICIOUS_MOVE = YES;
				CLANG_WARN_UNGUARDED_AVAILABILITY = YES_AGGRESSIVE;
				CLANG_WARN_UNREACHABLE_CODE = YES;
				CLANG_WARN__DUPLICATE_METHOD_MATCH = YES;
				COPY_PHASE_STRIP = NO;
				DEBUG_INFORMATION_FORMAT = dwarf;
				ENABLE_STRICT_OBJC_MSGSEND = YES;
				ENABLE_TESTABILITY = YES;
				ENABLE_USER_SCRIPT_SANDBOXING = YES;
				GCC_C_LANGUAGE_STANDARD = gnu17;
				GCC_DYNAMIC_NO_PIC = NO;
				GCC_NO_COMMON_BLOCKS = YES;
				GCC_OPTIMIZATION_LEVEL = 0;
				GCC_PREPROCESSOR_DEFINITIONS = (
					"DEBUG=1",
					"$(inherited)",
				);
				GCC_WARN_64_TO_32_BIT_CONVERSION = YES;
				GCC_WARN_ABOUT_RETURN_TYPE = YES_ERROR;
				GCC_WARN_UNDECLARED_SELECTOR = YES;
				GCC_WARN_UNINITIALIZED_AUTOS = YES_AGGRESSIVE;
				GCC_WARN_UNUSED_FUNCTION = YES;
				GCC_WARN_UNUSED_VARIABLE = YES;
				IPHONEOS_DEPLOYMENT_TARGET = 17.0;
				LOCALIZATION_PREFERS_STRING_CATALOGS = YES;
				MTL_ENABLE_DEBUG_INFO = INCLUDE_SOURCE;
				MTL_FAST_MATH = YES;
				ONLY_ACTIVE_ARCH = YES;
				SDKROOT = iphoneos;
				SWIFT_ACTIVE_COMPILATION_CONDITIONS = "DEBUG $(inherited)";
				SWIFT_OPTIMIZATION_LEVEL = "-Onone";
			};
			name = Debug;
		};
		F4F6B6032ADD418800C84831 /* Release */ = {
			isa = XCBuildConfiguration;
			buildSettings = {
				ALWAYS_SEARCH_USER_PATHS = NO;
				ASSETCATALOG_COMPILER_GENERATE_SWIFT_ASSET_SYMBOL_EXTENSIONS = YES;
				CLANG_ANALYZER_NONNULL = YES;
				CLANG_ANALYZER_NUMBER_OBJECT_CONVERSION = YES_AGGRESSIVE;
				CLANG_CXX_LANGUAGE_STANDARD = "gnu++20";
				CLANG_ENABLE_MODULES = YES;
				CLANG_ENABLE_OBJC_ARC = YES;
				CLANG_ENABLE_OBJC_WEAK = YES;
				CLANG_WARN_BLOCK_CAPTURE_AUTORELEASING = YES;
				CLANG_WARN_BOOL_CONVERSION = YES;
				CLANG_WARN_COMMA = YES;
				CLANG_WARN_CONSTANT_CONVERSION = YES;
				CLANG_WARN_DEPRECATED_OBJC_IMPLEMENTATIONS = YES;
				CLANG_WARN_DIRECT_OBJC_ISA_USAGE = YES_ERROR;
				CLANG_WARN_DOCUMENTATION_COMMENTS = YES;
				CLANG_WARN_EMPTY_BODY = YES;
				CLANG_WARN_ENUM_CONVERSION = YES;
				CLANG_WARN_INFINITE_RECURSION = YES;
				CLANG_WARN_INT_CONVERSION = YES;
				CLANG_WARN_NON_LITERAL_NULL_CONVERSION = YES;
				CLANG_WARN_OBJC_IMPLICIT_RETAIN_SELF = YES;
				CLANG_WARN_OBJC_LITERAL_CONVERSION = YES;
				CLANG_WARN_OBJC_ROOT_CLASS = YES_ERROR;
				CLANG_WARN_QUOTED_INCLUDE_IN_FRAMEWORK_HEADER = YES;
				CLANG_WARN_RANGE_LOOP_ANALYSIS = YES;
				CLANG_WARN_STRICT_PROTOTYPES = YES;
				CLANG_WARN_SUSPICIOUS_MOVE = YES;
				CLANG_WARN_UNGUARDED_AVAILABILITY = YES_AGGRESSIVE;
				CLANG_WARN_UNREACHABLE_CODE = YES;
				CLANG_WARN__DUPLICATE_METHOD_MATCH = YES;
				COPY_PHASE_STRIP = NO;
				DEBUG_INFORMATION_FORMAT = "dwarf-with-dsym";
				ENABLE_NS_ASSERTIONS = NO;
				ENABLE_STRICT_OBJC_MSGSEND = YES;
				ENABLE_USER_SCRIPT_SANDBOXING = YES;
				GCC_C_LANGUAGE_STANDARD = gnu17;
				GCC_NO_COMMON_BLOCKS = YES;
				GCC_WARN_64_TO_32_BIT_CONVERSION = YES;
				GCC_WARN_ABOUT_RETURN_TYPE = YES_ERROR;
				GCC_WARN_UNDECLARED_SELECTOR = YES;
				GCC_WARN_UNINITIALIZED_AUTOS = YES_AGGRESSIVE;
				GCC_WARN_UNUSED_FUNCTION = YES;
				GCC_WARN_UNUSED_VARIABLE = YES;
				IPHONEOS_DEPLOYMENT_TARGET = 17.0;
				LOCALIZATION_PREFERS_STRING_CATALOGS = YES;
				MTL_ENABLE_DEBUG_INFO = NO;
				MTL_FAST_MATH = YES;
				SDKROOT = iphoneos;
				SWIFT_COMPILATION_MODE = wholemodule;
				VALIDATE_PRODUCT = YES;
			};
			name = Release;
		};
		F4F6B6052ADD418800C84831 /* Debug */ = {
			isa = XCBuildConfiguration;
			buildSettings = {
				ASSETCATALOG_COMPILER_APPICON_NAME = AppIcon;
				ASSETCATALOG_COMPILER_GLOBAL_ACCENT_COLOR_NAME = AccentColor;
				CODE_SIGN_STYLE = Automatic;
				CURRENT_PROJECT_VERSION = 1;
				DEVELOPMENT_TEAM = 98YXJBZVMH;
				GENERATE_INFOPLIST_FILE = YES;
				INFOPLIST_FILE = SnapchatClone/Info.plist;
				INFOPLIST_KEY_UIApplicationSupportsIndirectInputEvents = YES;
				INFOPLIST_KEY_UILaunchStoryboardName = LaunchScreen;
				INFOPLIST_KEY_UIMainStoryboardFile = Main;
				INFOPLIST_KEY_UISupportedInterfaceOrientations_iPad = "UIInterfaceOrientationPortrait UIInterfaceOrientationPortraitUpsideDown UIInterfaceOrientationLandscapeLeft UIInterfaceOrientationLandscapeRight";
				INFOPLIST_KEY_UISupportedInterfaceOrientations_iPhone = "UIInterfaceOrientationPortrait UIInterfaceOrientationLandscapeLeft UIInterfaceOrientationLandscapeRight";
				LD_RUNPATH_SEARCH_PATHS = (
					"$(inherited)",
					"@executable_path/Frameworks",
				);
				MARKETING_VERSION = 1.0;
				PRODUCT_BUNDLE_IDENTIFIER = com.hasanbilgin.SnapchatClone;
				PRODUCT_NAME = "$(TARGET_NAME)";
				SWIFT_EMIT_LOC_STRINGS = YES;
				SWIFT_VERSION = 5.0;
				TARGETED_DEVICE_FAMILY = "1,2";
			};
			name = Debug;
		};
		F4F6B6062ADD418800C84831 /* Release */ = {
			isa = XCBuildConfiguration;
			buildSettings = {
				ASSETCATALOG_COMPILER_APPICON_NAME = AppIcon;
				ASSETCATALOG_COMPILER_GLOBAL_ACCENT_COLOR_NAME = AccentColor;
				CODE_SIGN_STYLE = Automatic;
				CURRENT_PROJECT_VERSION = 1;
				DEVELOPMENT_TEAM = 98YXJBZVMH;
				GENERATE_INFOPLIST_FILE = YES;
				INFOPLIST_FILE = SnapchatClone/Info.plist;
				INFOPLIST_KEY_UIApplicationSupportsIndirectInputEvents = YES;
				INFOPLIST_KEY_UILaunchStoryboardName = LaunchScreen;
				INFOPLIST_KEY_UIMainStoryboardFile = Main;
				INFOPLIST_KEY_UISupportedInterfaceOrientations_iPad = "UIInterfaceOrientationPortrait UIInterfaceOrientationPortraitUpsideDown UIInterfaceOrientationLandscapeLeft UIInterfaceOrientationLandscapeRight";
				INFOPLIST_KEY_UISupportedInterfaceOrientations_iPhone = "UIInterfaceOrientationPortrait UIInterfaceOrientationLandscapeLeft UIInterfaceOrientationLandscapeRight";
				LD_RUNPATH_SEARCH_PATHS = (
					"$(inherited)",
					"@executable_path/Frameworks",
				);
				MARKETING_VERSION = 1.0;
				PRODUCT_BUNDLE_IDENTIFIER = com.hasanbilgin.SnapchatClone;
				PRODUCT_NAME = "$(TARGET_NAME)";
				SWIFT_EMIT_LOC_STRINGS = YES;
				SWIFT_VERSION = 5.0;
				TARGETED_DEVICE_FAMILY = "1,2";
			};
			name = Release;
		};
/* End XCBuildConfiguration section */

/* Begin XCConfigurationList section */
		F4F6B5EB2ADD418700C84831 /* Build configuration list for PBXProject "SnapchatClone" */ = {
			isa = XCConfigurationList;
			buildConfigurations = (
				F4F6B6022ADD418800C84831 /* Debug */,
				F4F6B6032ADD418800C84831 /* Release */,
			);
			defaultConfigurationIsVisible = 0;
			defaultConfigurationName = Release;
		};
		F4F6B6042ADD418800C84831 /* Build configuration list for PBXNativeTarget "SnapchatClone" */ = {
			isa = XCConfigurationList;
			buildConfigurations = (
				F4F6B6052ADD418800C84831 /* Debug */,
				F4F6B6062ADD418800C84831 /* Release */,
			);
			defaultConfigurationIsVisible = 0;
			defaultConfigurationName = Release;
		};
/* End XCConfigurationList section */

/* Begin XCRemoteSwiftPackageReference section */
		F46F5E0C2ADEC09F00458D5C /* XCRemoteSwiftPackageReference "SDWebImage" */ = {
			isa = XCRemoteSwiftPackageReference;
			repositoryURL = "https://github.com/SDWebImage/SDWebImage";
			requirement = {
				kind = upToNextMajorVersion;
				minimumVersion = 5.18.3;
			};
		};
		F46F5E112ADECE8900458D5C /* XCRemoteSwiftPackageReference "ImageSlideshow" */ = {
			isa = XCRemoteSwiftPackageReference;
			repositoryURL = "https://github.com/zvonicek/ImageSlideshow";
			requirement = {
				kind = upToNextMajorVersion;
				minimumVersion = 1.9.2;
			};
		};
		F4F6B6092ADD439D00C84831 /* XCRemoteSwiftPackageReference "firebase-ios-sdk" */ = {
			isa = XCRemoteSwiftPackageReference;
			repositoryURL = "https://github.com/firebase/firebase-ios-sdk";
			requirement = {
				kind = upToNextMajorVersion;
				minimumVersion = 10.16.0;
			};
		};
/* End XCRemoteSwiftPackageReference section */

/* Begin XCSwiftPackageProductDependency section */
		F46F5E0D2ADEC09F00458D5C /* SDWebImage */ = {
			isa = XCSwiftPackageProductDependency;
			package = F46F5E0C2ADEC09F00458D5C /* XCRemoteSwiftPackageReference "SDWebImage" */;
			productName = SDWebImage;
		};
		F46F5E122ADECE8900458D5C /* ImageSlideshow */ = {
			isa = XCSwiftPackageProductDependency;
			package = F46F5E112ADECE8900458D5C /* XCRemoteSwiftPackageReference "ImageSlideshow" */;
			productName = ImageSlideshow;
		};
		F46F5E162ADECE8900458D5C /* ImageSlideshow/Kingfisher */ = {
			isa = XCSwiftPackageProductDependency;
			package = F46F5E112ADECE8900458D5C /* XCRemoteSwiftPackageReference "ImageSlideshow" */;
			productName = ImageSlideshow/Kingfisher;
		};
		F4F6B6412ADD43F300C84831 /* FirebaseAuth */ = {
			isa = XCSwiftPackageProductDependency;
			package = F4F6B6092ADD439D00C84831 /* XCRemoteSwiftPackageReference "firebase-ios-sdk" */;
			productName = FirebaseAuth;
		};
		F4F6B6432ADD441000C84831 /* FirebaseAnalytics */ = {
			isa = XCSwiftPackageProductDependency;
			package = F4F6B6092ADD439D00C84831 /* XCRemoteSwiftPackageReference "firebase-ios-sdk" */;
			productName = FirebaseAnalytics;
		};
		F4F6B6452ADD441000C84831 /* FirebaseFirestore */ = {
			isa = XCSwiftPackageProductDependency;
			package = F4F6B6092ADD439D00C84831 /* XCRemoteSwiftPackageReference "firebase-ios-sdk" */;
			productName = FirebaseFirestore;
		};
		F4F6B6472ADD441000C84831 /* FirebaseStorage */ = {
			isa = XCSwiftPackageProductDependency;
			package = F4F6B6092ADD439D00C84831 /* XCRemoteSwiftPackageReference "firebase-ios-sdk" */;
			productName = FirebaseStorage;
		};
/* End XCSwiftPackageProductDependency section */
	};
	rootObject = F4F6B5E82ADD418700C84831 /* Project object */;
}
